
Microsoft Visual Studio Solution File, Format Version 12.00
# Visual Studio Version 17
VisualStudioVersion = 17.2.32630.192
MinimumVisualStudioVersion = 10.0.40219.1
Project("{2150E333-8FDC-42A3-9474-1A3956D46DE8}") = "0.Core", "0.Core", "{A05954D4-A617-4FF9-9F42-4A017C66A3E0}"
EndProject
Project("{2150E333-8FDC-42A3-9474-1A3956D46DE8}") = "1.Infraestructure", "1.Infraestructure", "{372D9F19-827A-4943-BBC9-1E1B48213EC1}"
EndProject
Project("{2150E333-8FDC-42A3-9474-1A3956D46DE8}") = "2.Presentation", "2.Presentation", "{17305EF4-B09B-49A5-B810-30A815A879A3}"
EndProject
Project("{FAE04EC0-301F-11D3-BF4B-00C04F79EFBC}") = "Application", "Application\Application.csproj", "{93903C31-2776-42F8-B6D9-343F0035352F}"
EndProject
Project("{FAE04EC0-301F-11D3-BF4B-00C04F79EFBC}") = "Domain", "Domain\Domain.csproj", "{A2DB413C-B2D9-49E4-B00F-990BAECD0337}"
EndProject
Project("{FAE04EC0-301F-11D3-BF4B-00C04F79EFBC}") = "Persistence", "Persistence\Persistence.csproj", "{D3B7C06C-50CF-430C-9F75-491C03533133}"
EndProject
Project("{FAE04EC0-301F-11D3-BF4B-00C04F79EFBC}") = "Shared", "Shared\Shared.csproj", "{A04FDAEF-D52C-4DA3-BC33-358BBF2639FA}"
EndProject
Project("{2150E333-8FDC-42A3-9474-1A3956D46DE8}") = "src", "src", "{3B2201CC-1DE8-4A51-8492-5500F19D8177}"
EndProject
Project("{FAE04EC0-301F-11D3-BF4B-00C04F79EFBC}") = "WebAPI", "WebAPI\WebAPI.csproj", "{A72A0615-2A6D-429E-879E-6FA1F968BB84}"
EndProject
Global
	GlobalSection(SolutionConfigurationPlatforms) = preSolution
		Debug|Any CPU = Debug|Any CPU
		Release|Any CPU = Release|Any CPU
	EndGlobalSection
	GlobalSection(ProjectConfigurationPlatforms) = postSolution
		{93903C31-2776-42F8-B6D9-343F0035352F}.Debug|Any CPU.ActiveCfg = Debug|Any CPU
		{93903C31-2776-42F8-B6D9-343F0035352F}.Debug|Any CPU.Build.0 = Debug|Any CPU
		{93903C31-2776-42F8-B6D9-343F0035352F}.Release|Any CPU.ActiveCfg = Release|Any CPU
		{93903C31-2776-42F8-B6D9-343F0035352F}.Release|Any CPU.Build.0 = Release|Any CPU
		{A2DB413C-B2D9-49E4-B00F-990BAECD0337}.Debug|Any CPU.ActiveCfg = Debug|Any CPU
		{A2DB413C-B2D9-49E4-B00F-990BAECD0337}.Debug|Any CPU.Build.0 = Debug|Any CPU
		{A2DB413C-B2D9-49E4-B00F-990BAECD0337}.Release|Any CPU.ActiveCfg = Release|Any CPU
		{A2DB413C-B2D9-49E4-B00F-990BAECD0337}.Release|Any CPU.Build.0 = Release|Any CPU
		{D3B7C06C-50CF-430C-9F75-491C03533133}.Debug|Any CPU.ActiveCfg = Debug|Any CPU
		{D3B7C06C-50CF-430C-9F75-491C03533133}.Debug|Any CPU.Build.0 = Debug|Any CPU
		{D3B7C06C-50CF-430C-9F75-491C03533133}.Release|Any CPU.ActiveCfg = Release|Any CPU
		{D3B7C06C-50CF-430C-9F75-491C03533133}.Release|Any CPU.Build.0 = Release|Any CPU
		{A04FDAEF-D52C-4DA3-BC33-358BBF2639FA}.Debug|Any CPU.ActiveCfg = Debug|Any CPU
		{A04FDAEF-D52C-4DA3-BC33-358BBF2639FA}.Debug|Any CPU.Build.0 = Debug|Any CPU
		{A04FDAEF-D52C-4DA3-BC33-358BBF2639FA}.Release|Any CPU.ActiveCfg = Release|Any CPU
		{A04FDAEF-D52C-4DA3-BC33-358BBF2639FA}.Release|Any CPU.Build.0 = Release|Any CPU
		{A72A0615-2A6D-429E-879E-6FA1F968BB84}.Debug|Any CPU.ActiveCfg = Debug|Any CPU
		{A72A0615-2A6D-429E-879E-6FA1F968BB84}.Debug|Any CPU.Build.0 = Debug|Any CPU
		{A72A0615-2A6D-429E-879E-6FA1F968BB84}.Release|Any CPU.ActiveCfg = Release|Any CPU
		{A72A0615-2A6D-429E-879E-6FA1F968BB84}.Release|Any CPU.Build.0 = Release|Any CPU
	EndGlobalSection
	GlobalSection(SolutionProperties) = preSolution
		HideSolutionNode = FALSE
	EndGlobalSection
	GlobalSection(NestedProjects) = preSolution
		{A05954D4-A617-4FF9-9F42-4A017C66A3E0} = {3B2201CC-1DE8-4A51-8492-5500F19D8177}
		{372D9F19-827A-4943-BBC9-1E1B48213EC1} = {3B2201CC-1DE8-4A51-8492-5500F19D8177}
		{17305EF4-B09B-49A5-B810-30A815A879A3} = {3B2201CC-1DE8-4A51-8492-5500F19D8177}
		{93903C31-2776-42F8-B6D9-343F0035352F} = {A05954D4-A617-4FF9-9F42-4A017C66A3E0}
		{A2DB413C-B2D9-49E4-B00F-990BAECD0337} = {A05954D4-A617-4FF9-9F42-4A017C66A3E0}
		{D3B7C06C-50CF-430C-9F75-491C03533133} = {372D9F19-827A-4943-BBC9-1E1B48213EC1}
		{A04FDAEF-D52C-4DA3-BC33-358BBF2639FA} = {372D9F19-827A-4943-BBC9-1E1B48213EC1}
		{A72A0615-2A6D-429E-879E-6FA1F968BB84} = {17305EF4-B09B-49A5-B810-30A815A879A3}
	EndGlobalSection
	GlobalSection(ExtensibilityGlobals) = postSolution
		SolutionGuid = {9F1D52B8-A618-40CA-AE9E-E86C9D63828E}
	EndGlobalSection
EndGlobal
